
Microsoft Visual Studio Solution File, Format Version 12.00
# Visual Studio Version 16
VisualStudioVersion = 16.0.29009.5
MinimumVisualStudioVersion = 10.0.40219.1
Project("{FAE04EC0-301F-11D3-BF4B-00C04F79EFBC}") = "SalesWebMvc", "SalesWebMvc\SalesWebMvc.csproj", "{C423A57E-DCFF-401B-B24E-3D0EB4B157C2}"
EndProject
Global
	GlobalSection(SolutionConfigurationPlatforms) = preSolution
		Debug|Any CPU = Debug|Any CPU
		Release|Any CPU = Release|Any CPU
	EndGlobalSection
	GlobalSection(ProjectConfigurationPlatforms) = postSolution
		{C423A57E-DCFF-401B-B24E-3D0EB4B157C2}.Debug|Any CPU.ActiveCfg = Debug|Any CPU
		{C423A57E-DCFF-401B-B24E-3D0EB4B157C2}.Debug|Any CPU.Build.0 = Debug|Any CPU
		{C423A57E-DCFF-401B-B24E-3D0EB4B157C2}.Release|Any CPU.ActiveCfg = Release|Any CPU
		{C423A57E-DCFF-401B-B24E-3D0EB4B157C2}.Release|Any CPU.Build.0 = Release|Any CPU
	EndGlobalSection
	GlobalSection(SolutionProperties) = preSolution
		HideSolutionNode = FALSE
	EndGlobalSection
	GlobalSection(ExtensibilityGlobals) = postSolution
		SolutionGuid = {E3AAC3D1-0355-4C46-B8C4-0458E83963CF}
	EndGlobalSection
EndGlobal
